{
  "name": "baojs-railway",
  "lockfileVersion": 2,
  "requires": true,
  "packages": {
    "": {
      "dependencies": {
        "baojs": "^0.1.3"
      },
      "devDependencies": {
        "bun-types": "^0.2.1"
      }
    },
    "node_modules/baojs": {
      "version": "0.1.3",
      "resolved": "https://registry.npmjs.org/baojs/-/baojs-0.1.3.tgz",
      "integrity": "sha512-siC393fZpyGmbJF6vr81yFBpqsEPbESLj480mZ3KQakFl8U/lLALfE8J07R+LdiFOedL1w5ActFPCkiUA7gwng==",
      "dependencies": {
        "bun-types": "^0.1.2"
      }
    },
    "node_modules/baojs/node_modules/bun-types": {
      "version": "0.1.11",
      "resolved": "https://registry.npmjs.org/bun-types/-/bun-types-0.1.11.tgz",
      "integrity": "sha512-a5G9LZtF5qBsDMjGnS5FfTvIeg1bS0PzI3Q2LqShEjJWdhZTB56xO8ewqZ83J+3my5rW/PPPWT/udAofRQ3zdg=="
    },
    "node_modules/bun-types": {
      "version": "0.2.2",
      "resolved": "https://registry.npmjs.org/bun-types/-/bun-types-0.2.2.tgz",
      "integrity": "sha512-/1IPC/PPWvV39I7uulBcWHL0Xpi1BqvwF34R/2gRwt0/l5MJB1gt15GLwLP33d59EnkOdRYibImuCg0l/9BRng==",
      "dev": true
    }
  },
  "dependencies": {
    "baojs": {
      "version": "0.1.3",
      "resolved": "https://registry.npmjs.org/baojs/-/baojs-0.1.3.tgz",
      "integrity": "sha512-siC393fZpyGmbJF6vr81yFBpqsEPbESLj480mZ3KQakFl8U/lLALfE8J07R+LdiFOedL1w5ActFPCkiUA7gwng==",
      "requires": {
        "bun-types": "^0.1.2"
      },
      "dependencies": {
        "bun-types": {
          "version": "0.1.11",
          "resolved": "https://registry.npmjs.org/bun-types/-/bun-types-0.1.11.tgz",
          "integrity": "sha512-a5G9LZtF5qBsDMjGnS5FfTvIeg1bS0PzI3Q2LqShEjJWdhZTB56xO8ewqZ83J+3my5rW/PPPWT/udAofRQ3zdg=="
        }
      }
    },
    "bun-types": {
      "version": "0.2.2",
      "resolved": "https://registry.npmjs.org/bun-types/-/bun-types-0.2.2.tgz",
      "integrity": "sha512-/1IPC/PPWvV39I7uulBcWHL0Xpi1BqvwF34R/2gRwt0/l5MJB1gt15GLwLP33d59EnkOdRYibImuCg0l/9BRng==",
      "dev": true
    }
  }
}
